// !$*UTF8*$!
{
	archiveVersion = 1;
	classes = {
	};
	objectVersion = 77;
	objects = {

/* Begin PBXContainerItemProxy section */
		D750410C2DC9B11100F6E8E8 /* PBXContainerItemProxy */ = {
			isa = PBXContainerItemProxy;
			containerPortal = D75040F02DC9B11000F6E8E8 /* Project object */;
			proxyType = 1;
			remoteGlobalIDString = D75040F72DC9B11000F6E8E8;
			remoteInfo = FileLocker;
		};
		D75041162DC9B11100F6E8E8 /* PBXContainerItemProxy */ = {
			isa = PBXContainerItemProxy;
			containerPortal = D75040F02DC9B11000F6E8E8 /* Project object */;
			proxyType = 1;
			remoteGlobalIDString = D75040F72DC9B11000F6E8E8;
			remoteInfo = FileLocker;
		};
/* End PBXContainerItemProxy section */

/* Begin PBXFileReference section */
		D75040F82DC9B11000F6E8E8 /* FileLocker.app */ = {isa = PBXFileReference; explicitFileType = wrapper.application; includeInIndex = 0; path = FileLocker.app; sourceTree = BUILT_PRODUCTS_DIR; };
		D750410B2DC9B11100F6E8E8 /* FileLockerTests.xctest */ = {isa = PBXFileReference; explicitFileType = wrapper.cfbundle; includeInIndex = 0; path = FileLockerTests.xctest; sourceTree = BUILT_PRODUCTS_DIR; };
		D75041152DC9B11100F6E8E8 /* FileLockerUITests.xctest */ = {isa = PBXFileReference; explicitFileType = wrapper.cfbundle; includeInIndex = 0; path = FileLockerUITests.xctest; sourceTree = BUILT_PRODUCTS_DIR; };
/* End PBXFileReference section */

/* Begin PBXFileSystemSynchronizedRootGroup section */
		D75040FA2DC9B11000F6E8E8 /* FileLocker */ = {
			isa = PBXFileSystemSynchronizedRootGroup;
			path = FileLocker;
			sourceTree = "<group>";
		};
		D750410E2DC9B11100F6E8E8 /* FileLockerTests */ = {
			isa = PBXFileSystemSynchronizedRootGroup;
			path = FileLockerTests;
			sourceTree = "<group>";
		};
		D75041182DC9B11100F6E8E8 /* FileLockerUITests */ = {
			isa = PBXFileSystemSynchronizedRootGroup;
			path = FileLockerUITests;
			sourceTree = "<group>";
		};
/* End PBXFileSystemSynchronizedRootGroup section */

/* Begin PBXFrameworksBuildPhase section */
		D75040F52DC9B11000F6E8E8 /* Frameworks */ = {
			isa = PBXFrameworksBuildPhase;
			buildActionMask = 2147483647;
			files = (
			);
			runOnlyForDeploymentPostprocessing = 0;
		};
		D75041082DC9B11100F6E8E8 /* Frameworks */ = {
			isa = PBXFrameworksBuildPhase;
			buildActionMask = 2147483647;
			files = (
			);
			runOnlyForDeploymentPostprocessing = 0;
		};
		D75041122DC9B11100F6E8E8 /* Frameworks */ = {
			isa = PBXFrameworksBuildPhase;
			buildActionMask = 2147483647;
			files = (
			);
			runOnlyForDeploymentPostprocessing = 0;
		};
/* End PBXFrameworksBuildPhase section */

/* Begin PBXGroup section */
		D75040EF2DC9B11000F6E8E8 = {
			isa = PBXGroup;
			children = (
				D75040FA2DC9B11000F6E8E8 /* FileLocker */,
				D750410E2DC9B11100F6E8E8 /* FileLockerTests */,
				D75041182DC9B11100F6E8E8 /* FileLockerUITests */,
				D75040F92DC9B11000F6E8E8 /* Products */,
			);
			sourceTree = "<group>";
		};
		D75040F92DC9B11000F6E8E8 /* Products */ = {
			isa = PBXGroup;
			children = (
				D75040F82DC9B11000F6E8E8 /* FileLocker.app */,
				D750410B2DC9B11100F6E8E8 /* FileLockerTests.xctest */,
				D75041152DC9B11100F6E8E8 /* FileLockerUITests.xctest */,
			);
			name = Products;
			sourceTree = "<group>";
		};
/* End PBXGroup section */

/* Begin PBXNativeTarget section */
		D75040F72DC9B11000F6E8E8 /* FileLocker */ = {
			isa = PBXNativeTarget;
			buildConfigurationList = D750411F2DC9B11100F6E8E8 /* Build configuration list for PBXNativeTarget "FileLocker" */;
			buildPhases = (
				D75040F42DC9B11000F6E8E8 /* Sources */,
				D75040F52DC9B11000F6E8E8 /* Frameworks */,
				D75040F62DC9B11000F6E8E8 /* Resources */,
			);
			buildRules = (
			);
			dependencies = (
			);
			fileSystemSynchronizedGroups = (
				D75040FA2DC9B11000F6E8E8 /* FileLocker */,
			);
			name = FileLocker;
			packageProductDependencies = (
			);
			productName = FileLocker;
			productReference = D75040F82DC9B11000F6E8E8 /* FileLocker.app */;
			productType = "com.apple.product-type.application";
		};
		D750410A2DC9B11100F6E8E8 /* FileLockerTests */ = {
			isa = PBXNativeTarget;
			buildConfigurationList = D75041222DC9B11100F6E8E8 /* Build configuration list for PBXNativeTarget "FileLockerTests" */;
			buildPhases = (
				D75041072DC9B11100F6E8E8 /* Sources */,
				D75041082DC9B11100F6E8E8 /* Frameworks */,
				D75041092DC9B11100F6E8E8 /* Resources */,
			);
			buildRules = (
			);
			dependencies = (
				D750410D2DC9B11100F6E8E8 /* PBXTargetDependency */,
			);
			fileSystemSynchronizedGroups = (
				D750410E2DC9B11100F6E8E8 /* FileLockerTests */,
			);
			name = FileLockerTests;
			packageProductDependencies = (
			);
			productName = FileLockerTests;
			productReference = D750410B2DC9B11100F6E8E8 /* FileLockerTests.xctest */;
			productType = "com.apple.product-type.bundle.unit-test";
		};
		D75041142DC9B11100F6E8E8 /* FileLockerUITests */ = {
			isa = PBXNativeTarget;
			buildConfigurationList = D75041252DC9B11100F6E8E8 /* Build configuration list for PBXNativeTarget "FileLockerUITests" */;
			buildPhases = (
				D75041112DC9B11100F6E8E8 /* Sources */,
				D75041122DC9B11100F6E8E8 /* Frameworks */,
				D75041132DC9B11100F6E8E8 /* Resources */,
			);
			buildRules = (
			);
			dependencies = (
				D75041172DC9B11100F6E8E8 /* PBXTargetDependency */,
			);
			fileSystemSynchronizedGroups = (
				D75041182DC9B11100F6E8E8 /* FileLockerUITests */,
			);
			name = FileLockerUITests;
			packageProductDependencies = (
			);
			productName = FileLockerUITests;
			productReference = D75041152DC9B11100F6E8E8 /* FileLockerUITests.xctest */;
			productType = "com.apple.product-type.bundle.ui-testing";
		};
/* End PBXNativeTarget section */

/* Begin PBXProject section */
		D75040F02DC9B11000F6E8E8 /* Project object */ = {
			isa = PBXProject;
			attributes = {
				BuildIndependentTargetsInParallel = 1;
				LastSwiftUpdateCheck = 1620;
				LastUpgradeCheck = 1620;
				TargetAttributes = {
					D75040F72DC9B11000F6E8E8 = {
						CreatedOnToolsVersion = 16.2;
					};
					D750410A2DC9B11100F6E8E8 = {
						CreatedOnToolsVersion = 16.2;
						TestTargetID = D75040F72DC9B11000F6E8E8;
					};
					D75041142DC9B11100F6E8E8 = {
						CreatedOnToolsVersion = 16.2;
						TestTargetID = D75040F72DC9B11000F6E8E8;
					};
				};
			};
			buildConfigurationList = D75040F32DC9B11000F6E8E8 /* Build configuration list for PBXProject "FileLocker" */;
			developmentRegion = en;
			hasScannedForEncodings = 0;
			knownRegions = (
				en,
				Base,
			);
			mainGroup = D75040EF2DC9B11000F6E8E8;
			minimizedProjectReferenceProxies = 1;
			preferredProjectObjectVersion = 77;
			productRefGroup = D75040F92DC9B11000F6E8E8 /* Products */;
			projectDirPath = "";
			projectRoot = "";
			targets = (
				D75040F72DC9B11000F6E8E8 /* FileLocker */,
				D750410A2DC9B11100F6E8E8 /* FileLockerTests */,
				D75041142DC9B11100F6E8E8 /* FileLockerUITests */,
			);
		};
/* End PBXProject section */

/* Begin PBXResourcesBuildPhase section */
		D75040F62DC9B11000F6E8E8 /* Resources */ = {
			isa = PBXResourcesBuildPhase;
			buildActionMask = 2147483647;
			files = (
			);
			runOnlyForDeploymentPostprocessing = 0;
		};
		D75041092DC9B11100F6E8E8 /* Resources */ = {
			isa = PBXResourcesBuildPhase;
			buildActionMask = 2147483647;
			files = (
			);
			runOnlyForDeploymentPostprocessing = 0;
		};
		D75041132DC9B11100F6E8E8 /* Resources */ = {
			isa = PBXResourcesBuildPhase;
			buildActionMask = 2147483647;
			files = (
			);
			runOnlyForDeploymentPostprocessing = 0;
		};
/* End PBXResourcesBuildPhase section */

/* Begin PBXSourcesBuildPhase section */
		D75040F42DC9B11000F6E8E8 /* Sources */ = {
			isa = PBXSourcesBuildPhase;
			buildActionMask = 2147483647;
			files = (
			);
			runOnlyForDeploymentPostprocessing = 0;
		};
		D75041072DC9B11100F6E8E8 /* Sources */ = {
			isa = PBXSourcesBuildPhase;
			buildActionMask = 2147483647;
			files = (
			);
			runOnlyForDeploymentPostprocessing = 0;
		};
		D75041112DC9B11100F6E8E8 /* Sources */ = {
			isa = PBXSourcesBuildPhase;
			buildActionMask = 2147483647;
			files = (
			);
			runOnlyForDeploymentPostprocessing = 0;
		};
/* End PBXSourcesBuildPhase section */

/* Begin PBXTargetDependency section */
		D750410D2DC9B11100F6E8E8 /* PBXTargetDependency */ = {
			isa = PBXTargetDependency;
			target = D75040F72DC9B11000F6E8E8 /* FileLocker */;
			targetProxy = D750410C2DC9B11100F6E8E8 /* PBXContainerItemProxy */;
		};
		D75041172DC9B11100F6E8E8 /* PBXTargetDependency */ = {
			isa = PBXTargetDependency;
			target = D75040F72DC9B11000F6E8E8 /* FileLocker */;
			targetProxy = D75041162DC9B11100F6E8E8 /* PBXContainerItemProxy */;
		};
/* End PBXTargetDependency section */

/* Begin XCBuildConfiguration section */
		D750411D2DC9B11100F6E8E8 /* Debug */ = {
			isa = XCBuildConfiguration;
			buildSettings = {
				ALWAYS_SEARCH_USER_PATHS = NO;
				ASSETCATALOG_COMPILER_GENERATE_SWIFT_ASSET_SYMBOL_EXTENSIONS = YES;
				CLANG_ANALYZER_NONNULL = YES;
				CLANG_ANALYZER_NUMBER_OBJECT_CONVERSION = YES_AGGRESSIVE;
				CLANG_CXX_LANGUAGE_STANDARD = "gnu++20";
				CLANG_ENABLE_MODULES = YES;
				CLANG_ENABLE_OBJC_ARC = YES;
				CLANG_ENABLE_OBJC_WEAK = YES;
				CLANG_WARN_BLOCK_CAPTURE_AUTORELEASING = YES;
				CLANG_WARN_BOOL_CONVERSION = YES;
				CLANG_WARN_COMMA = YES;
				CLANG_WARN_CONSTANT_CONVERSION = YES;
				CLANG_WARN_DEPRECATED_OBJC_IMPLEMENTATIONS = YES;
				CLANG_WARN_DIRECT_OBJC_ISA_USAGE = YES_ERROR;
				CLANG_WARN_DOCUMENTATION_COMMENTS = YES;
				CLANG_WARN_EMPTY_BODY = YES;
				CLANG_WARN_ENUM_CONVERSION = YES;
				CLANG_WARN_INFINITE_RECURSION = YES;
				CLANG_WARN_INT_CONVERSION = YES;
				CLANG_WARN_NON_LITERAL_NULL_CONVERSION = YES;
				CLANG_WARN_OBJC_IMPLICIT_RETAIN_SELF = YES;
				CLANG_WARN_OBJC_LITERAL_CONVERSION = YES;
				CLANG_WARN_OBJC_ROOT_CLASS = YES_ERROR;
				CLANG_WARN_QUOTED_INCLUDE_IN_FRAMEWORK_HEADER = YES;
				CLANG_WARN_RANGE_LOOP_ANALYSIS = YES;
				CLANG_WARN_STRICT_PROTOTYPES = YES;
				CLANG_WARN_SUSPICIOUS_MOVE = YES;
				CLANG_WARN_UNGUARDED_AVAILABILITY = YES_AGGRESSIVE;
				CLANG_WARN_UNREACHABLE_CODE = YES;
				CLANG_WARN__DUPLICATE_METHOD_MATCH = YES;
				COPY_PHASE_STRIP = NO;
				DEBUG_INFORMATION_FORMAT = dwarf;
				ENABLE_STRICT_OBJC_MSGSEND = YES;
				ENABLE_TESTABILITY = YES;
				ENABLE_USER_SCRIPT_SANDBOXING = YES;
				GCC_C_LANGUAGE_STANDARD = gnu17;
				GCC_DYNAMIC_NO_PIC = NO;
				GCC_NO_COMMON_BLOCKS = YES;
				GCC_OPTIMIZATION_LEVEL = 0;
				GCC_PREPROCESSOR_DEFINITIONS = (
					"DEBUG=1",
					"$(inherited)",
				);
				GCC_WARN_64_TO_32_BIT_CONVERSION = YES;
				GCC_WARN_ABOUT_RETURN_TYPE = YES_ERROR;
				GCC_WARN_UNDECLARED_SELECTOR = YES;
				GCC_WARN_UNINITIALIZED_AUTOS = YES_AGGRESSIVE;
				GCC_WARN_UNUSED_FUNCTION = YES;
				GCC_WARN_UNUSED_VARIABLE = YES;
				LOCALIZATION_PREFERS_STRING_CATALOGS = YES;
				MACOSX_DEPLOYMENT_TARGET = 15.2;
				MTL_ENABLE_DEBUG_INFO = INCLUDE_SOURCE;
				MTL_FAST_MATH = YES;
				ONLY_ACTIVE_ARCH = YES;
				SDKROOT = macosx;
				SWIFT_ACTIVE_COMPILATION_CONDITIONS = "DEBUG $(inherited)";
				SWIFT_OPTIMIZATION_LEVEL = "-Onone";
			};
			name = Debug;
		};
		D750411E2DC9B11100F6E8E8 /* Release */ = {
			isa = XCBuildConfiguration;
			buildSettings = {
				ALWAYS_SEARCH_USER_PATHS = NO;
				ASSETCATALOG_COMPILER_GENERATE_SWIFT_ASSET_SYMBOL_EXTENSIONS = YES;
				CLANG_ANALYZER_NONNULL = YES;
				CLANG_ANALYZER_NUMBER_OBJECT_CONVERSION = YES_AGGRESSIVE;
				CLANG_CXX_LANGUAGE_STANDARD = "gnu++20";
				CLANG_ENABLE_MODULES = YES;
				CLANG_ENABLE_OBJC_ARC = YES;
				CLANG_ENABLE_OBJC_WEAK = YES;
				CLANG_WARN_BLOCK_CAPTURE_AUTORELEASING = YES;
				CLANG_WARN_BOOL_CONVERSION = YES;
				CLANG_WARN_COMMA = YES;
				CLANG_WARN_CONSTANT_CONVERSION = YES;
				CLANG_WARN_DEPRECATED_OBJC_IMPLEMENTATIONS = YES;
				CLANG_WARN_DIRECT_OBJC_ISA_USAGE = YES_ERROR;
				CLANG_WARN_DOCUMENTATION_COMMENTS = YES;
				CLANG_WARN_EMPTY_BODY = YES;
				CLANG_WARN_ENUM_CONVERSION = YES;
				CLANG_WARN_INFINITE_RECURSION = YES;
				CLANG_WARN_INT_CONVERSION = YES;
				CLANG_WARN_NON_LITERAL_NULL_CONVERSION = YES;
				CLANG_WARN_OBJC_IMPLICIT_RETAIN_SELF = YES;
				CLANG_WARN_OBJC_LITERAL_CONVERSION = YES;
				CLANG_WARN_OBJC_ROOT_CLASS = YES_ERROR;
				CLANG_WARN_QUOTED_INCLUDE_IN_FRAMEWORK_HEADER = YES;
				CLANG_WARN_RANGE_LOOP_ANALYSIS = YES;
				CLANG_WARN_STRICT_PROTOTYPES = YES;
				CLANG_WARN_SUSPICIOUS_MOVE = YES;
				CLANG_WARN_UNGUARDED_AVAILABILITY = YES_AGGRESSIVE;
				CLANG_WARN_UNREACHABLE_CODE = YES;
				CLANG_WARN__DUPLICATE_METHOD_MATCH = YES;
				COPY_PHASE_STRIP = NO;
				DEBUG_INFORMATION_FORMAT = "dwarf-with-dsym";
				ENABLE_NS_ASSERTIONS = NO;
				ENABLE_STRICT_OBJC_MSGSEND = YES;
				ENABLE_USER_SCRIPT_SANDBOXING = YES;
				GCC_C_LANGUAGE_STANDARD = gnu17;
				GCC_NO_COMMON_BLOCKS = YES;
				GCC_WARN_64_TO_32_BIT_CONVERSION = YES;
				GCC_WARN_ABOUT_RETURN_TYPE = YES_ERROR;
				GCC_WARN_UNDECLARED_SELECTOR = YES;
				GCC_WARN_UNINITIALIZED_AUTOS = YES_AGGRESSIVE;
				GCC_WARN_UNUSED_FUNCTION = YES;
				GCC_WARN_UNUSED_VARIABLE = YES;
				LOCALIZATION_PREFERS_STRING_CATALOGS = YES;
				MACOSX_DEPLOYMENT_TARGET = 15.2;
				MTL_ENABLE_DEBUG_INFO = NO;
				MTL_FAST_MATH = YES;
				SDKROOT = macosx;
				SWIFT_COMPILATION_MODE = wholemodule;
			};
			name = Release;
		};
		D75041202DC9B11100F6E8E8 /* Debug */ = {
			isa = XCBuildConfiguration;
			buildSettings = {
				ASSETCATALOG_COMPILER_APPICON_NAME = AppIcon;
				ASSETCATALOG_COMPILER_GLOBAL_ACCENT_COLOR_NAME = AccentColor;
				CODE_SIGN_ENTITLEMENTS = FileLocker/FileLocker.entitlements;
				CODE_SIGN_STYLE = Automatic;
				COMBINE_HIDPI_IMAGES = YES;
				CURRENT_PROJECT_VERSION = 1;
				DEVELOPMENT_ASSET_PATHS = "\"FileLocker/Preview Content\"";
				DEVELOPMENT_TEAM = V55YBFHJXZ;
				ENABLE_HARDENED_RUNTIME = YES;
				ENABLE_PREVIEWS = YES;
				GENERATE_INFOPLIST_FILE = YES;
				INFOPLIST_KEY_NSHumanReadableCopyright = "";
				LD_RUNPATH_SEARCH_PATHS = (
					"$(inherited)",
					"@executable_path/../Frameworks",
				);
				MACOSX_DEPLOYMENT_TARGET = 14.0;
				MARKETING_VERSION = 1.0;
				PRODUCT_BUNDLE_IDENTIFIER = fangfa.design.FileLocker;
				PRODUCT_NAME = "$(TARGET_NAME)";
				SWIFT_EMIT_LOC_STRINGS = YES;
				SWIFT_VERSION = 5.0;
			};
			name = Debug;
		};
		D75041212DC9B11100F6E8E8 /* Release */ = {
			isa = XCBuildConfiguration;
			buildSettings = {
				ASSETCATALOG_COMPILER_APPICON_NAME = AppIcon;
				ASSETCATALOG_COMPILER_GLOBAL_ACCENT_COLOR_NAME = AccentColor;
				CODE_SIGN_ENTITLEMENTS = FileLocker/FileLocker.entitlements;
				CODE_SIGN_STYLE = Automatic;
				COMBINE_HIDPI_IMAGES = YES;
				CURRENT_PROJECT_VERSION = 1;
				DEVELOPMENT_ASSET_PATHS = "\"FileLocker/Preview Content\"";
				DEVELOPMENT_TEAM = V55YBFHJXZ;
				ENABLE_HARDENED_RUNTIME = YES;
				ENABLE_PREVIEWS = YES;
				GENERATE_INFOPLIST_FILE = YES;
				INFOPLIST_KEY_NSHumanReadableCopyright = "";
				LD_RUNPATH_SEARCH_PATHS = (
					"$(inherited)",
					"@executable_path/../Frameworks",
				);
				MACOSX_DEPLOYMENT_TARGET = 14.0;
				MARKETING_VERSION = 1.0;
				PRODUCT_BUNDLE_IDENTIFIER = fangfa.design.FileLocker;
				PRODUCT_NAME = "$(TARGET_NAME)";
				SWIFT_EMIT_LOC_STRINGS = YES;
				SWIFT_VERSION = 5.0;
			};
			name = Release;
		};
		D75041232DC9B11100F6E8E8 /* Debug */ = {
			isa = XCBuildConfiguration;
			buildSettings = {
				BUNDLE_LOADER = "$(TEST_HOST)";
				CODE_SIGN_STYLE = Automatic;
				CURRENT_PROJECT_VERSION = 1;
				DEVELOPMENT_TEAM = V55YBFHJXZ;
				GENERATE_INFOPLIST_FILE = YES;
				MACOSX_DEPLOYMENT_TARGET = 14.0;
				MARKETING_VERSION = 1.0;
				PRODUCT_BUNDLE_IDENTIFIER = fangfa.design.FileLockerTests;
				PRODUCT_NAME = "$(TARGET_NAME)";
				SWIFT_EMIT_LOC_STRINGS = NO;
				SWIFT_VERSION = 5.0;
				TEST_HOST = "$(BUILT_PRODUCTS_DIR)/FileLocker.app/$(BUNDLE_EXECUTABLE_FOLDER_PATH)/FileLocker";
			};
			name = Debug;
		};
		D75041242DC9B11100F6E8E8 /* Release */ = {
			isa = XCBuildConfiguration;
			buildSettings = {
				BUNDLE_LOADER = "$(TEST_HOST)";
				CODE_SIGN_STYLE = Automatic;
				CURRENT_PROJECT_VERSION = 1;
				DEVELOPMENT_TEAM = V55YBFHJXZ;
				GENERATE_INFOPLIST_FILE = YES;
				MACOSX_DEPLOYMENT_TARGET = 14.0;
				MARKETING_VERSION = 1.0;
				PRODUCT_BUNDLE_IDENTIFIER = fangfa.design.FileLockerTests;
				PRODUCT_NAME = "$(TARGET_NAME)";
				SWIFT_EMIT_LOC_STRINGS = NO;
				SWIFT_VERSION = 5.0;
				TEST_HOST = "$(BUILT_PRODUCTS_DIR)/FileLocker.app/$(BUNDLE_EXECUTABLE_FOLDER_PATH)/FileLocker";
			};
			name = Release;
		};
		D75041262DC9B11100F6E8E8 /* Debug */ = {
			isa = XCBuildConfiguration;
			buildSettings = {
				CODE_SIGN_STYLE = Automatic;
				CURRENT_PROJECT_VERSION = 1;
				DEVELOPMENT_TEAM = V55YBFHJXZ;
				GENERATE_INFOPLIST_FILE = YES;
				MARKETING_VERSION = 1.0;
				PRODUCT_BUNDLE_IDENTIFIER = fangfa.design.FileLockerUITests;
				PRODUCT_NAME = "$(TARGET_NAME)";
				SWIFT_EMIT_LOC_STRINGS = NO;
				SWIFT_VERSION = 5.0;
				TEST_TARGET_NAME = FileLocker;
			};
			name = Debug;
		};
		D75041272DC9B11100F6E8E8 /* Release */ = {
			isa = XCBuildConfiguration;
			buildSettings = {
				CODE_SIGN_STYLE = Automatic;
				CURRENT_PROJECT_VERSION = 1;
				DEVELOPMENT_TEAM = V55YBFHJXZ;
				GENERATE_INFOPLIST_FILE = YES;
				MARKETING_VERSION = 1.0;
				PRODUCT_BUNDLE_IDENTIFIER = fangfa.design.FileLockerUITests;
				PRODUCT_NAME = "$(TARGET_NAME)";
				SWIFT_EMIT_LOC_STRINGS = NO;
				SWIFT_VERSION = 5.0;
				TEST_TARGET_NAME = FileLocker;
			};
			name = Release;
		};
/* End XCBuildConfiguration section */

/* Begin XCConfigurationList section */
		D75040F32DC9B11000F6E8E8 /* Build configuration list for PBXProject "FileLocker" */ = {
			isa = XCConfigurationList;
			buildConfigurations = (
				D750411D2DC9B11100F6E8E8 /* Debug */,
				D750411E2DC9B11100F6E8E8 /* Release */,
			);
			defaultConfigurationIsVisible = 0;
			defaultConfigurationName = Release;
		};
		D750411F2DC9B11100F6E8E8 /* Build configuration list for PBXNativeTarget "FileLocker" */ = {
			isa = XCConfigurationList;
			buildConfigurations = (
				D75041202DC9B11100F6E8E8 /* Debug */,
				D75041212DC9B11100F6E8E8 /* Release */,
			);
			defaultConfigurationIsVisible = 0;
			defaultConfigurationName = Release;
		};
		D75041222DC9B11100F6E8E8 /* Build configuration list for PBXNativeTarget "FileLockerTests" */ = {
			isa = XCConfigurationList;
			buildConfigurations = (
				D75041232DC9B11100F6E8E8 /* Debug */,
				D75041242DC9B11100F6E8E8 /* Release */,
			);
			defaultConfigurationIsVisible = 0;
			defaultConfigurationName = Release;
		};
		D75041252DC9B11100F6E8E8 /* Build configuration list for PBXNativeTarget "FileLockerUITests" */ = {
			isa = XCConfigurationList;
			buildConfigurations = (
				D75041262DC9B11100F6E8E8 /* Debug */,
				D75041272DC9B11100F6E8E8 /* Release */,
			);
			defaultConfigurationIsVisible = 0;
			defaultConfigurationName = Release;
		};
/* End XCConfigurationList section */
	};
	rootObject = D75040F02DC9B11000F6E8E8 /* Project object */;
}
